hash: f238afdb3fce913f6dbf66e26dbd3c947dc0aeae30157f7e0509ebc87a232412
updated: 2016-12-17T12:02:35.613116968+09:00
imports:
- name: github.com/BurntSushi/toml
  version: bbd5bb678321a0d6e58f1099321dfa73391c1b6f
- name: github.com/gorilla/websocket
  version: 0868951cdb8e69bc42df4598bdc6164ff2f1a072
- name: github.com/graarh/golang-socketio
  version: 61eb0294e68612291d89d4bd319910974741eba4
  subpackages:
  - protocol
  - transport
- name: github.com/mattn/go-isatty
  version: 30a891c33c7cde7b02a981314b4228ec99380cca
- name: github.com/pkg/errors
  version: 248dadf4e9068a0b3e79f02ed0a610d935de5302
- name: github.com/Sirupsen/logrus
  version: d26492970760ca5d33129d2d799e34be5c4782eb
- name: github.com/uber-go/atomic
  version: 3b8db5e93c4c02efbc313e17b2e796b0914a01fb
- name: github.com/uber-go/zap
  version: 05dadc4e239529c50d6f730c17f0a3aaf35b64fd
- name: golang.org/x/sys
  version: d75a52659825e75fff6158388dddc6a5b04f9ba5
  subpackages:
  - unix
testImports: []
